{
  "pins" : [
    {
      "identity" : "syringe",
      "kind" : "remoteSourceControl",
      "location" : "https://github.com/broken-bytes/Syringe",
      "state" : {
        "branch" : "feature/swiftui",
        "revision" : "439c41f3155b9f575badd65eb1b1c27eb689ee0f"
      }
    }
  ],
  "version" : 2
}
