{
  "pins" : [
    {
      "identity" : "syringe",
      "kind" : "remoteSourceControl",
      "location" : "https://github.com/broken-bytes/Syringe",
      "state" : {
        "branch" : "feature/swiftui",
        "revision" : "5c55d9ab4c7b1b5080e2a37f32dd236ef6a3be73"
      }
    }
  ],
  "version" : 2
}
