{
  "pins" : [
    {
      "identity" : "syringe",
      "kind" : "remoteSourceControl",
      "location" : "https://github.com/broken-bytes/Syringe",
      "state" : {
        "branch" : "feature/swiftui",
        "revision" : "d0df23d0272fdce0a535e251178c79d48063deb2"
      }
    }
  ],
  "version" : 2
}
